
Microsoft Visual Studio Solution File, Format Version 12.00
Project("{FAE04EC0-301F-11D3-BF4B-00C04F79EFBC}") = "mod", "mod\mod.csproj", "{1AA68693-E547-47DD-9825-1C379B76D311}"
EndProject
Global
	GlobalSection(SolutionConfigurationPlatforms) = preSolution
		Debug|Any CPU = Debug|Any CPU
		Release|Any CPU = Release|Any CPU
	EndGlobalSection
	GlobalSection(ProjectConfigurationPlatforms) = postSolution
		{1AA68693-E547-47DD-9825-1C379B76D311}.Debug|Any CPU.ActiveCfg = Debug|Any CPU
		{1AA68693-E547-47DD-9825-1C379B76D311}.Debug|Any CPU.Build.0 = Debug|Any CPU
		{1AA68693-E547-47DD-9825-1C379B76D311}.Release|Any CPU.ActiveCfg = Release|Any CPU
		{1AA68693-E547-47DD-9825-1C379B76D311}.Release|Any CPU.Build.0 = Release|Any CPU
	EndGlobalSection
EndGlobal
